#!r6rs ; -*- mode: scheme; coding: utf-8 -*-
;; This file is automatically generated - do not change it by hand.
(import (akku format lockfile))
(projects
  ((name (slib queue))
    (location
      (url "http://snow-fort.org/s/peterlane.info/peter/slib/queue/SLIB-3b5-r7rs/slib-queue-SLIB-3b5-r7rs.tgz"))
    (content
      (sha256
        "a0d035502d72b9c8ac5ee23a2445cf94a312408be11e009d52b22b43904631f4")))
  ((name "akku-r7rs")
    (location
      (url "https://archive.akkuscm.org/archive/pkg/a/akku-r7rs_1.0.1_repack.tar.xz"))
    (content
      (sha256
        "dedce2bc5eda6735aa5880741802a5b508b49c3b327d14b40e9fecbdf86353db")))
  ((name "laesare")
    (location
      (url "https://archive.akkuscm.org/archive/pkg/l/laesare_1.0.2_repack.tar.xz"))
    (content
      (sha256
        "b0cc8ccc940995e7bfd01cc30191c55561f8142195749bad945bde73bfa2a18c")))
  ((name "ufo-thread-pool")
    (location
      (url "https://archive.akkuscm.org/archive/pkg/u/ufo-thread-pool_1.0.3_repack.tar.xz"))
    (content
      (sha256
        "566460f3ea2ba48dec08c1dbdad925177ca2fe94bbe5208c653c63bdea7cdb44")))
  ((name "ufo-threaded-function")
    (location
      (url "https://archive.akkuscm.org/archive/pkg/u/ufo-threaded-function_1.0.4_repack.tar.xz"))
    (content
      (sha256
        "87e1406850888c52debefd64d75bcf825ea215772eb11a831f895cce1fe1541c")))
  ((name "ufo-coroutines")
    (location
      (url "https://archive.akkuscm.org/archive/pkg/u/ufo-coroutines_1.0.3_repack.tar.xz"))
    (content
      (sha256
        "16b8aa3a449ba4cc91bd435ad0a97be9776c9dca24323b31f7f64e1f68c4b342")))
  ((name "chez-srfi")
    (location
      (url "https://archive.akkuscm.org/archive/pkg/c/chez-srfi_0.0.0-akku.209.552cd37_repack.tar.xz"))
    (content
      (sha256
        "f0f620f24a4765b85d3157b670e319d6cd30240bfc78f812af1f04cf6f8804e6"))))
