#!r6rs ; -*- mode: scheme; coding: utf-8 -*-
;; This file is automatically generated - do not change it by hand.
(import (akku format lockfile))
(projects
  ((name "ufo-coroutines")
    (location
      (url "https://archive.akkuscm.org/archive/pkg/u/ufo-coroutines_1.0.3_repack.tar.xz"))
    (content
      (sha256
        "16b8aa3a449ba4cc91bd435ad0a97be9776c9dca24323b31f7f64e1f68c4b342")))
  ((name "chez-srfi")
    (location
      (url "https://archive.akkuscm.org/archive/pkg/c/chez-srfi_0.0.0-akku.209.552cd37_repack.tar.xz"))
    (content
      (sha256
        "f0f620f24a4765b85d3157b670e319d6cd30240bfc78f812af1f04cf6f8804e6"))))
